
Microsoft Visual Studio Solution File, Format Version 12.00
# Visual Studio Version 17
VisualStudioVersion = 17.0.31903.59
MinimumVisualStudioVersion = 10.0.40219.1
Project("{FAE04EC0-301F-11D3-BF4B-00C04F79EFBC}") = "RabbitPublisher", "RabbitPublisher\RabbitPublisher.csproj", "{B2B2A1A0-0E8C-4119-9CA1-25F8CCFE81B0}"
EndProject
Project("{FAE04EC0-301F-11D3-BF4B-00C04F79EFBC}") = "RabbitConsumer", "RabbitConsumer\RabbitConsumer.csproj", "{4D0D7892-1E37-4C0D-804F-06969B5F1DDF}"
EndProject
Project("{FAE04EC0-301F-11D3-BF4B-00C04F79EFBC}") = "Direct.Exchange.Publisher", "Direct.Exchange.Publisher\Direct.Exchange.Publisher.csproj", "{0CC79AC4-6AAC-4024-A470-BEF4B6D769C6}"
EndProject
Project("{FAE04EC0-301F-11D3-BF4B-00C04F79EFBC}") = "Direct.Exchange.Consumer", "Direct.Exchange.Consumer\Direct.Exchange.Consumer.csproj", "{1751C54C-DC35-4517-B388-08E3CCD1B04B}"
EndProject
Project("{FAE04EC0-301F-11D3-BF4B-00C04F79EFBC}") = "Fanout.Exchange.Consumer", "Fanout.Exchange.Consumer\Fanout.Exchange.Consumer.csproj", "{A7E9ED71-379F-422E-946C-3181D60DF686}"
EndProject
Project("{FAE04EC0-301F-11D3-BF4B-00C04F79EFBC}") = "Fanout.Exchange.Publisher", "Fanout.Exchange.Publisher\Fanout.Exchange.Publisher.csproj", "{CBEE090B-8C5D-48F9-B3D2-52E8ABD7C789}"
EndProject
Project("{FAE04EC0-301F-11D3-BF4B-00C04F79EFBC}") = "Topic.Exchange.Consumer", "Topic.Exchange.Consumer\Topic.Exchange.Consumer.csproj", "{705004BE-C1D4-46E2-BA86-F7057F30FAA3}"
EndProject
Project("{FAE04EC0-301F-11D3-BF4B-00C04F79EFBC}") = "Topic.Exchange.Publisher", "Topic.Exchange.Publisher\Topic.Exchange.Publisher.csproj", "{1C5649FC-8AC8-46F4-9C17-CF855DC8A167}"
EndProject
Project("{FAE04EC0-301F-11D3-BF4B-00C04F79EFBC}") = "Header.Exchange.Consumer", "Header.Exchange.Consumer\Header.Exchange.Consumer.csproj", "{119579CA-196D-46AE-A5BD-E2E29DD22C66}"
EndProject
Project("{FAE04EC0-301F-11D3-BF4B-00C04F79EFBC}") = "Header.Exchange.Publisher", "Header.Exchange.Publisher\Header.Exchange.Publisher.csproj", "{888E0628-180E-4488-9F51-46873E23FFB4}"
EndProject
Project("{FAE04EC0-301F-11D3-BF4B-00C04F79EFBC}") = "PointToPoint.Tasarim.Consumer", "PointToPoint.Tasarim.Consumer\PointToPoint.Tasarim.Consumer.csproj", "{A3008B3C-8BB1-45D6-A927-AC7DBF16F322}"
EndProject
Project("{FAE04EC0-301F-11D3-BF4B-00C04F79EFBC}") = "PointToPoint.Tasarim.Publisher", "PointToPoint.Tasarim.Publisher\PointToPoint.Tasarim.Publisher.csproj", "{92F2CDFD-91C6-4665-BF04-57558EF1BCF3}"
EndProject
Project("{FAE04EC0-301F-11D3-BF4B-00C04F79EFBC}") = "PubSub.Tasarim.Consumer", "PubSub.Tasarim.Consumer\PubSub.Tasarim.Consumer.csproj", "{95FFDF16-07DA-4B4F-AB31-A2249089D92D}"
EndProject
Project("{FAE04EC0-301F-11D3-BF4B-00C04F79EFBC}") = "PubSub.Tasarim.Publisher", "PubSub.Tasarim.Publisher\PubSub.Tasarim.Publisher.csproj", "{2C2121BA-AD44-4591-A551-8B4039E7654C}"
EndProject
Project("{FAE04EC0-301F-11D3-BF4B-00C04F79EFBC}") = "WorkQueue.Tasarim.Consumer", "WorkQueue.Tasarim.Consumer\WorkQueue.Tasarim.Consumer.csproj", "{F370D1D2-B721-4C5F-A56B-DAAD8FF62A41}"
EndProject
Project("{FAE04EC0-301F-11D3-BF4B-00C04F79EFBC}") = "WorkQueue.Tasarim.Publisher", "WorkQueue.Tasarim.Publisher\WorkQueue.Tasarim.Publisher.csproj", "{1C303232-D76E-4E9B-9257-0AC2C133AA9B}"
EndProject
Project("{FAE04EC0-301F-11D3-BF4B-00C04F79EFBC}") = "ReqRes.Tasarim.Consumer", "ReqRes.Tasarim.Consumer\ReqRes.Tasarim.Consumer.csproj", "{77DB0DFD-6A6B-4B9B-A7E4-036084BFCE35}"
EndProject
Project("{FAE04EC0-301F-11D3-BF4B-00C04F79EFBC}") = "ReqRes.Tasarim.Publisher", "ReqRes.Tasarim.Publisher\ReqRes.Tasarim.Publisher.csproj", "{1A806A4A-6F77-47D6-A674-B9F4FE5ADF67}"
EndProject
Project("{FAE04EC0-301F-11D3-BF4B-00C04F79EFBC}") = "ESB.MassTransit.Publisher", "ESB.MassTransit.Publisher\ESB.MassTransit.Publisher.csproj", "{E91D84DF-5DE3-4EA9-92DE-586A5FBE3CCD}"
EndProject
Project("{FAE04EC0-301F-11D3-BF4B-00C04F79EFBC}") = "ESB.MassTransit.Consumer", "ESB.MassTransit.Consumer\ESB.MassTransit.Consumer.csproj", "{158C86E0-EA63-4D2B-800F-95293C57F398}"
EndProject
Project("{FAE04EC0-301F-11D3-BF4B-00C04F79EFBC}") = "ESB.MassTransit.Shared", "ESB.MassTransit.Shared\ESB.MassTransit.Shared.csproj", "{026AB529-F328-4A1B-A3E7-C44FD0B96F17}"
EndProject
Project("{FAE04EC0-301F-11D3-BF4B-00C04F79EFBC}") = "ESB.MassTransit.WorkerService.Publisher", "ESB.MassTransit.WorkerService.Publisher\ESB.MassTransit.WorkerService.Publisher.csproj", "{E690BEE5-AF25-476F-8173-F11D0CA222BB}"
EndProject
Project("{FAE04EC0-301F-11D3-BF4B-00C04F79EFBC}") = "ESB.MassTransit.WorkerService.Consumer", "ESB.MassTransit.WorkerService.Consumer\ESB.MassTransit.WorkerService.Consumer.csproj", "{276A5042-2D2F-43CD-87EA-4EC2903235D7}"
EndProject
Project("{FAE04EC0-301F-11D3-BF4B-00C04F79EFBC}") = "ESB.MassTransit.ReqResPattern.Consumer", "ESB.MassTransit.ReqResPattern.Consumer\ESB.MassTransit.ReqResPattern.Consumer.csproj", "{0CFC2F98-52B3-40D6-AE51-18CF33D2912D}"
EndProject
Project("{FAE04EC0-301F-11D3-BF4B-00C04F79EFBC}") = "ESB.MassTransit.ReqResPattern.Publisher", "ESB.MassTransit.ReqResPattern.Publisher\ESB.MassTransit.ReqResPattern.Publisher.csproj", "{947FD816-E33E-4130-9C63-0CD05E1DCE82}"
EndProject
Project("{FAE04EC0-301F-11D3-BF4B-00C04F79EFBC}") = "ESB.MassTransit.ReqResPattern.Shared", "ESB.MassTransit.ReqResPattern.Shared\ESB.MassTransit.ReqResPattern.Shared.csproj", "{294203B5-0B92-4778-949F-B0BEBBE0A967}"
EndProject
Global
	GlobalSection(SolutionConfigurationPlatforms) = preSolution
		Debug|Any CPU = Debug|Any CPU
		Release|Any CPU = Release|Any CPU
	EndGlobalSection
	GlobalSection(SolutionProperties) = preSolution
		HideSolutionNode = FALSE
	EndGlobalSection
	GlobalSection(ProjectConfigurationPlatforms) = postSolution
		{B2B2A1A0-0E8C-4119-9CA1-25F8CCFE81B0}.Debug|Any CPU.ActiveCfg = Debug|Any CPU
		{B2B2A1A0-0E8C-4119-9CA1-25F8CCFE81B0}.Debug|Any CPU.Build.0 = Debug|Any CPU
		{B2B2A1A0-0E8C-4119-9CA1-25F8CCFE81B0}.Release|Any CPU.ActiveCfg = Release|Any CPU
		{B2B2A1A0-0E8C-4119-9CA1-25F8CCFE81B0}.Release|Any CPU.Build.0 = Release|Any CPU
		{4D0D7892-1E37-4C0D-804F-06969B5F1DDF}.Debug|Any CPU.ActiveCfg = Debug|Any CPU
		{4D0D7892-1E37-4C0D-804F-06969B5F1DDF}.Debug|Any CPU.Build.0 = Debug|Any CPU
		{4D0D7892-1E37-4C0D-804F-06969B5F1DDF}.Release|Any CPU.ActiveCfg = Release|Any CPU
		{4D0D7892-1E37-4C0D-804F-06969B5F1DDF}.Release|Any CPU.Build.0 = Release|Any CPU
		{0CC79AC4-6AAC-4024-A470-BEF4B6D769C6}.Debug|Any CPU.ActiveCfg = Debug|Any CPU
		{0CC79AC4-6AAC-4024-A470-BEF4B6D769C6}.Debug|Any CPU.Build.0 = Debug|Any CPU
		{0CC79AC4-6AAC-4024-A470-BEF4B6D769C6}.Release|Any CPU.ActiveCfg = Release|Any CPU
		{0CC79AC4-6AAC-4024-A470-BEF4B6D769C6}.Release|Any CPU.Build.0 = Release|Any CPU
		{1751C54C-DC35-4517-B388-08E3CCD1B04B}.Debug|Any CPU.ActiveCfg = Debug|Any CPU
		{1751C54C-DC35-4517-B388-08E3CCD1B04B}.Debug|Any CPU.Build.0 = Debug|Any CPU
		{1751C54C-DC35-4517-B388-08E3CCD1B04B}.Release|Any CPU.ActiveCfg = Release|Any CPU
		{1751C54C-DC35-4517-B388-08E3CCD1B04B}.Release|Any CPU.Build.0 = Release|Any CPU
		{A7E9ED71-379F-422E-946C-3181D60DF686}.Debug|Any CPU.ActiveCfg = Debug|Any CPU
		{A7E9ED71-379F-422E-946C-3181D60DF686}.Debug|Any CPU.Build.0 = Debug|Any CPU
		{A7E9ED71-379F-422E-946C-3181D60DF686}.Release|Any CPU.ActiveCfg = Release|Any CPU
		{A7E9ED71-379F-422E-946C-3181D60DF686}.Release|Any CPU.Build.0 = Release|Any CPU
		{CBEE090B-8C5D-48F9-B3D2-52E8ABD7C789}.Debug|Any CPU.ActiveCfg = Debug|Any CPU
		{CBEE090B-8C5D-48F9-B3D2-52E8ABD7C789}.Debug|Any CPU.Build.0 = Debug|Any CPU
		{CBEE090B-8C5D-48F9-B3D2-52E8ABD7C789}.Release|Any CPU.ActiveCfg = Release|Any CPU
		{CBEE090B-8C5D-48F9-B3D2-52E8ABD7C789}.Release|Any CPU.Build.0 = Release|Any CPU
		{705004BE-C1D4-46E2-BA86-F7057F30FAA3}.Debug|Any CPU.ActiveCfg = Debug|Any CPU
		{705004BE-C1D4-46E2-BA86-F7057F30FAA3}.Debug|Any CPU.Build.0 = Debug|Any CPU
		{705004BE-C1D4-46E2-BA86-F7057F30FAA3}.Release|Any CPU.ActiveCfg = Release|Any CPU
		{705004BE-C1D4-46E2-BA86-F7057F30FAA3}.Release|Any CPU.Build.0 = Release|Any CPU
		{1C5649FC-8AC8-46F4-9C17-CF855DC8A167}.Debug|Any CPU.ActiveCfg = Debug|Any CPU
		{1C5649FC-8AC8-46F4-9C17-CF855DC8A167}.Debug|Any CPU.Build.0 = Debug|Any CPU
		{1C5649FC-8AC8-46F4-9C17-CF855DC8A167}.Release|Any CPU.ActiveCfg = Release|Any CPU
		{1C5649FC-8AC8-46F4-9C17-CF855DC8A167}.Release|Any CPU.Build.0 = Release|Any CPU
		{119579CA-196D-46AE-A5BD-E2E29DD22C66}.Debug|Any CPU.ActiveCfg = Debug|Any CPU
		{119579CA-196D-46AE-A5BD-E2E29DD22C66}.Debug|Any CPU.Build.0 = Debug|Any CPU
		{119579CA-196D-46AE-A5BD-E2E29DD22C66}.Release|Any CPU.ActiveCfg = Release|Any CPU
		{119579CA-196D-46AE-A5BD-E2E29DD22C66}.Release|Any CPU.Build.0 = Release|Any CPU
		{888E0628-180E-4488-9F51-46873E23FFB4}.Debug|Any CPU.ActiveCfg = Debug|Any CPU
		{888E0628-180E-4488-9F51-46873E23FFB4}.Debug|Any CPU.Build.0 = Debug|Any CPU
		{888E0628-180E-4488-9F51-46873E23FFB4}.Release|Any CPU.ActiveCfg = Release|Any CPU
		{888E0628-180E-4488-9F51-46873E23FFB4}.Release|Any CPU.Build.0 = Release|Any CPU
		{A3008B3C-8BB1-45D6-A927-AC7DBF16F322}.Debug|Any CPU.ActiveCfg = Debug|Any CPU
		{A3008B3C-8BB1-45D6-A927-AC7DBF16F322}.Debug|Any CPU.Build.0 = Debug|Any CPU
		{A3008B3C-8BB1-45D6-A927-AC7DBF16F322}.Release|Any CPU.ActiveCfg = Release|Any CPU
		{A3008B3C-8BB1-45D6-A927-AC7DBF16F322}.Release|Any CPU.Build.0 = Release|Any CPU
		{92F2CDFD-91C6-4665-BF04-57558EF1BCF3}.Debug|Any CPU.ActiveCfg = Debug|Any CPU
		{92F2CDFD-91C6-4665-BF04-57558EF1BCF3}.Debug|Any CPU.Build.0 = Debug|Any CPU
		{92F2CDFD-91C6-4665-BF04-57558EF1BCF3}.Release|Any CPU.ActiveCfg = Release|Any CPU
		{92F2CDFD-91C6-4665-BF04-57558EF1BCF3}.Release|Any CPU.Build.0 = Release|Any CPU
		{95FFDF16-07DA-4B4F-AB31-A2249089D92D}.Debug|Any CPU.ActiveCfg = Debug|Any CPU
		{95FFDF16-07DA-4B4F-AB31-A2249089D92D}.Debug|Any CPU.Build.0 = Debug|Any CPU
		{95FFDF16-07DA-4B4F-AB31-A2249089D92D}.Release|Any CPU.ActiveCfg = Release|Any CPU
		{95FFDF16-07DA-4B4F-AB31-A2249089D92D}.Release|Any CPU.Build.0 = Release|Any CPU
		{2C2121BA-AD44-4591-A551-8B4039E7654C}.Debug|Any CPU.ActiveCfg = Debug|Any CPU
		{2C2121BA-AD44-4591-A551-8B4039E7654C}.Debug|Any CPU.Build.0 = Debug|Any CPU
		{2C2121BA-AD44-4591-A551-8B4039E7654C}.Release|Any CPU.ActiveCfg = Release|Any CPU
		{2C2121BA-AD44-4591-A551-8B4039E7654C}.Release|Any CPU.Build.0 = Release|Any CPU
		{F370D1D2-B721-4C5F-A56B-DAAD8FF62A41}.Debug|Any CPU.ActiveCfg = Debug|Any CPU
		{F370D1D2-B721-4C5F-A56B-DAAD8FF62A41}.Debug|Any CPU.Build.0 = Debug|Any CPU
		{F370D1D2-B721-4C5F-A56B-DAAD8FF62A41}.Release|Any CPU.ActiveCfg = Release|Any CPU
		{F370D1D2-B721-4C5F-A56B-DAAD8FF62A41}.Release|Any CPU.Build.0 = Release|Any CPU
		{1C303232-D76E-4E9B-9257-0AC2C133AA9B}.Debug|Any CPU.ActiveCfg = Debug|Any CPU
		{1C303232-D76E-4E9B-9257-0AC2C133AA9B}.Debug|Any CPU.Build.0 = Debug|Any CPU
		{1C303232-D76E-4E9B-9257-0AC2C133AA9B}.Release|Any CPU.ActiveCfg = Release|Any CPU
		{1C303232-D76E-4E9B-9257-0AC2C133AA9B}.Release|Any CPU.Build.0 = Release|Any CPU
		{77DB0DFD-6A6B-4B9B-A7E4-036084BFCE35}.Debug|Any CPU.ActiveCfg = Debug|Any CPU
		{77DB0DFD-6A6B-4B9B-A7E4-036084BFCE35}.Debug|Any CPU.Build.0 = Debug|Any CPU
		{77DB0DFD-6A6B-4B9B-A7E4-036084BFCE35}.Release|Any CPU.ActiveCfg = Release|Any CPU
		{77DB0DFD-6A6B-4B9B-A7E4-036084BFCE35}.Release|Any CPU.Build.0 = Release|Any CPU
		{1A806A4A-6F77-47D6-A674-B9F4FE5ADF67}.Debug|Any CPU.ActiveCfg = Debug|Any CPU
		{1A806A4A-6F77-47D6-A674-B9F4FE5ADF67}.Debug|Any CPU.Build.0 = Debug|Any CPU
		{1A806A4A-6F77-47D6-A674-B9F4FE5ADF67}.Release|Any CPU.ActiveCfg = Release|Any CPU
		{1A806A4A-6F77-47D6-A674-B9F4FE5ADF67}.Release|Any CPU.Build.0 = Release|Any CPU
		{E91D84DF-5DE3-4EA9-92DE-586A5FBE3CCD}.Debug|Any CPU.ActiveCfg = Debug|Any CPU
		{E91D84DF-5DE3-4EA9-92DE-586A5FBE3CCD}.Debug|Any CPU.Build.0 = Debug|Any CPU
		{E91D84DF-5DE3-4EA9-92DE-586A5FBE3CCD}.Release|Any CPU.ActiveCfg = Release|Any CPU
		{E91D84DF-5DE3-4EA9-92DE-586A5FBE3CCD}.Release|Any CPU.Build.0 = Release|Any CPU
		{158C86E0-EA63-4D2B-800F-95293C57F398}.Debug|Any CPU.ActiveCfg = Debug|Any CPU
		{158C86E0-EA63-4D2B-800F-95293C57F398}.Debug|Any CPU.Build.0 = Debug|Any CPU
		{158C86E0-EA63-4D2B-800F-95293C57F398}.Release|Any CPU.ActiveCfg = Release|Any CPU
		{158C86E0-EA63-4D2B-800F-95293C57F398}.Release|Any CPU.Build.0 = Release|Any CPU
		{026AB529-F328-4A1B-A3E7-C44FD0B96F17}.Debug|Any CPU.ActiveCfg = Debug|Any CPU
		{026AB529-F328-4A1B-A3E7-C44FD0B96F17}.Debug|Any CPU.Build.0 = Debug|Any CPU
		{026AB529-F328-4A1B-A3E7-C44FD0B96F17}.Release|Any CPU.ActiveCfg = Release|Any CPU
		{026AB529-F328-4A1B-A3E7-C44FD0B96F17}.Release|Any CPU.Build.0 = Release|Any CPU
		{E690BEE5-AF25-476F-8173-F11D0CA222BB}.Debug|Any CPU.ActiveCfg = Debug|Any CPU
		{E690BEE5-AF25-476F-8173-F11D0CA222BB}.Debug|Any CPU.Build.0 = Debug|Any CPU
		{E690BEE5-AF25-476F-8173-F11D0CA222BB}.Release|Any CPU.ActiveCfg = Release|Any CPU
		{E690BEE5-AF25-476F-8173-F11D0CA222BB}.Release|Any CPU.Build.0 = Release|Any CPU
		{276A5042-2D2F-43CD-87EA-4EC2903235D7}.Debug|Any CPU.ActiveCfg = Debug|Any CPU
		{276A5042-2D2F-43CD-87EA-4EC2903235D7}.Debug|Any CPU.Build.0 = Debug|Any CPU
		{276A5042-2D2F-43CD-87EA-4EC2903235D7}.Release|Any CPU.ActiveCfg = Release|Any CPU
		{276A5042-2D2F-43CD-87EA-4EC2903235D7}.Release|Any CPU.Build.0 = Release|Any CPU
		{0CFC2F98-52B3-40D6-AE51-18CF33D2912D}.Debug|Any CPU.ActiveCfg = Debug|Any CPU
		{0CFC2F98-52B3-40D6-AE51-18CF33D2912D}.Debug|Any CPU.Build.0 = Debug|Any CPU
		{0CFC2F98-52B3-40D6-AE51-18CF33D2912D}.Release|Any CPU.ActiveCfg = Release|Any CPU
		{0CFC2F98-52B3-40D6-AE51-18CF33D2912D}.Release|Any CPU.Build.0 = Release|Any CPU
		{947FD816-E33E-4130-9C63-0CD05E1DCE82}.Debug|Any CPU.ActiveCfg = Debug|Any CPU
		{947FD816-E33E-4130-9C63-0CD05E1DCE82}.Debug|Any CPU.Build.0 = Debug|Any CPU
		{947FD816-E33E-4130-9C63-0CD05E1DCE82}.Release|Any CPU.ActiveCfg = Release|Any CPU
		{947FD816-E33E-4130-9C63-0CD05E1DCE82}.Release|Any CPU.Build.0 = Release|Any CPU
		{294203B5-0B92-4778-949F-B0BEBBE0A967}.Debug|Any CPU.ActiveCfg = Debug|Any CPU
		{294203B5-0B92-4778-949F-B0BEBBE0A967}.Debug|Any CPU.Build.0 = Debug|Any CPU
		{294203B5-0B92-4778-949F-B0BEBBE0A967}.Release|Any CPU.ActiveCfg = Release|Any CPU
		{294203B5-0B92-4778-949F-B0BEBBE0A967}.Release|Any CPU.Build.0 = Release|Any CPU
	EndGlobalSection
EndGlobal
